
Microsoft Visual Studio Solution File, Format Version 12.00
# Visual Studio Version 17
VisualStudioVersion = 17.0.31903.59
MinimumVisualStudioVersion = 10.0.40219.1
Project("{2150E333-8FDC-42A3-9474-1A3956D46DE8}") = "src", "src", "{A9105C12-58FD-4A85-A032-62B1248C4520}"
EndProject
Project("{FAE04EC0-301F-11D3-BF4B-00C04F79EFBC}") = "ToolBelt", "src\ToolBelt\ToolBelt.csproj", "{1B53C053-6DA8-4ED2-8741-AFEF375078A5}"
EndProject
Project("{2150E333-8FDC-42A3-9474-1A3956D46DE8}") = "tests", "tests", "{94AFFC31-E24B-4077-A983-C18E26B9D767}"
EndProject
Project("{FAE04EC0-301F-11D3-BF4B-00C04F79EFBC}") = "ToolBelt.Tests", "tests\ToolBelt.Tests\ToolBelt.Tests.csproj", "{E84BF69B-8D5E-4DEB-9F26-041E1419CCB0}"
EndProject
Project("{FAE04EC0-301F-11D3-BF4B-00C04F79EFBC}") = "ToolBelt.Windows", "src\ToolBelt.Windows\ToolBelt.Windows.csproj", "{8088F30B-08DC-45D0-95C4-79DFEE96F5F1}"
EndProject
Project("{FAE04EC0-301F-11D3-BF4B-00C04F79EFBC}") = "ToolBelt.Windows.Tests", "tests\ToolBelt.Windows.Tests\ToolBelt.Windows.Tests.csproj", "{529175A2-138C-4EF3-8011-B0838BC915C5}"
EndProject
Project("{FAE04EC0-301F-11D3-BF4B-00C04F79EFBC}") = "ToolBelt.Wpf", "src\ToolBelt.Wpf\ToolBelt.Wpf.csproj", "{6926437A-CFF5-4F29-991C-F781295ED876}"
EndProject
Project("{FAE04EC0-301F-11D3-BF4B-00C04F79EFBC}") = "ToolBelt.WinForms", "src\ToolBelt.WinForms\ToolBelt.WinForms.csproj", "{90C263D2-CEDE-4FE0-B2B3-EBB2A23BE8A5}"
EndProject
Project("{FAE04EC0-301F-11D3-BF4B-00C04F79EFBC}") = "ToolBelt.Wpf.Tests", "tests\ToolBelt.Wpf.Tests\ToolBelt.Wpf.Tests.csproj", "{0911591F-26A2-4817-B651-6671DE553E53}"
EndProject
Project("{FAE04EC0-301F-11D3-BF4B-00C04F79EFBC}") = "ToolBelt.WinForms.Tests", "tests\ToolBelt.WinForms.Tests\ToolBelt.WinForms.Tests.csproj", "{CB45002A-EC26-43A6-8E72-A97258FBBF50}"
EndProject
Global
	GlobalSection(SolutionConfigurationPlatforms) = preSolution
		Debug|Any CPU = Debug|Any CPU
		Debug|x64 = Debug|x64
		Debug|x86 = Debug|x86
		Release|Any CPU = Release|Any CPU
		Release|x64 = Release|x64
		Release|x86 = Release|x86
	EndGlobalSection
	GlobalSection(ProjectConfigurationPlatforms) = postSolution
		{1B53C053-6DA8-4ED2-8741-AFEF375078A5}.Debug|Any CPU.ActiveCfg = Debug|Any CPU
		{1B53C053-6DA8-4ED2-8741-AFEF375078A5}.Debug|Any CPU.Build.0 = Debug|Any CPU
		{1B53C053-6DA8-4ED2-8741-AFEF375078A5}.Debug|x64.ActiveCfg = Debug|Any CPU
		{1B53C053-6DA8-4ED2-8741-AFEF375078A5}.Debug|x64.Build.0 = Debug|Any CPU
		{1B53C053-6DA8-4ED2-8741-AFEF375078A5}.Debug|x86.ActiveCfg = Debug|Any CPU
		{1B53C053-6DA8-4ED2-8741-AFEF375078A5}.Debug|x86.Build.0 = Debug|Any CPU
		{1B53C053-6DA8-4ED2-8741-AFEF375078A5}.Release|Any CPU.ActiveCfg = Release|Any CPU
		{1B53C053-6DA8-4ED2-8741-AFEF375078A5}.Release|Any CPU.Build.0 = Release|Any CPU
		{1B53C053-6DA8-4ED2-8741-AFEF375078A5}.Release|x64.ActiveCfg = Release|Any CPU
		{1B53C053-6DA8-4ED2-8741-AFEF375078A5}.Release|x64.Build.0 = Release|Any CPU
		{1B53C053-6DA8-4ED2-8741-AFEF375078A5}.Release|x86.ActiveCfg = Release|Any CPU
		{1B53C053-6DA8-4ED2-8741-AFEF375078A5}.Release|x86.Build.0 = Release|Any CPU
		{E84BF69B-8D5E-4DEB-9F26-041E1419CCB0}.Debug|Any CPU.ActiveCfg = Debug|Any CPU
		{E84BF69B-8D5E-4DEB-9F26-041E1419CCB0}.Debug|Any CPU.Build.0 = Debug|Any CPU
		{E84BF69B-8D5E-4DEB-9F26-041E1419CCB0}.Debug|x64.ActiveCfg = Debug|Any CPU
		{E84BF69B-8D5E-4DEB-9F26-041E1419CCB0}.Debug|x64.Build.0 = Debug|Any CPU
		{E84BF69B-8D5E-4DEB-9F26-041E1419CCB0}.Debug|x86.ActiveCfg = Debug|Any CPU
		{E84BF69B-8D5E-4DEB-9F26-041E1419CCB0}.Debug|x86.Build.0 = Debug|Any CPU
		{E84BF69B-8D5E-4DEB-9F26-041E1419CCB0}.Release|Any CPU.ActiveCfg = Release|Any CPU
		{E84BF69B-8D5E-4DEB-9F26-041E1419CCB0}.Release|Any CPU.Build.0 = Release|Any CPU
		{E84BF69B-8D5E-4DEB-9F26-041E1419CCB0}.Release|x64.ActiveCfg = Release|Any CPU
		{E84BF69B-8D5E-4DEB-9F26-041E1419CCB0}.Release|x64.Build.0 = Release|Any CPU
		{E84BF69B-8D5E-4DEB-9F26-041E1419CCB0}.Release|x86.ActiveCfg = Release|Any CPU
		{E84BF69B-8D5E-4DEB-9F26-041E1419CCB0}.Release|x86.Build.0 = Release|Any CPU
		{8088F30B-08DC-45D0-95C4-79DFEE96F5F1}.Debug|Any CPU.ActiveCfg = Debug|Any CPU
		{8088F30B-08DC-45D0-95C4-79DFEE96F5F1}.Debug|Any CPU.Build.0 = Debug|Any CPU
		{8088F30B-08DC-45D0-95C4-79DFEE96F5F1}.Debug|x64.ActiveCfg = Debug|Any CPU
		{8088F30B-08DC-45D0-95C4-79DFEE96F5F1}.Debug|x64.Build.0 = Debug|Any CPU
		{8088F30B-08DC-45D0-95C4-79DFEE96F5F1}.Debug|x86.ActiveCfg = Debug|Any CPU
		{8088F30B-08DC-45D0-95C4-79DFEE96F5F1}.Debug|x86.Build.0 = Debug|Any CPU
		{8088F30B-08DC-45D0-95C4-79DFEE96F5F1}.Release|Any CPU.ActiveCfg = Release|Any CPU
		{8088F30B-08DC-45D0-95C4-79DFEE96F5F1}.Release|Any CPU.Build.0 = Release|Any CPU
		{8088F30B-08DC-45D0-95C4-79DFEE96F5F1}.Release|x64.ActiveCfg = Release|Any CPU
		{8088F30B-08DC-45D0-95C4-79DFEE96F5F1}.Release|x64.Build.0 = Release|Any CPU
		{8088F30B-08DC-45D0-95C4-79DFEE96F5F1}.Release|x86.ActiveCfg = Release|Any CPU
		{8088F30B-08DC-45D0-95C4-79DFEE96F5F1}.Release|x86.Build.0 = Release|Any CPU
		{529175A2-138C-4EF3-8011-B0838BC915C5}.Debug|Any CPU.ActiveCfg = Debug|Any CPU
		{529175A2-138C-4EF3-8011-B0838BC915C5}.Debug|Any CPU.Build.0 = Debug|Any CPU
		{529175A2-138C-4EF3-8011-B0838BC915C5}.Debug|x64.ActiveCfg = Debug|Any CPU
		{529175A2-138C-4EF3-8011-B0838BC915C5}.Debug|x64.Build.0 = Debug|Any CPU
		{529175A2-138C-4EF3-8011-B0838BC915C5}.Debug|x86.ActiveCfg = Debug|Any CPU
		{529175A2-138C-4EF3-8011-B0838BC915C5}.Debug|x86.Build.0 = Debug|Any CPU
		{529175A2-138C-4EF3-8011-B0838BC915C5}.Release|Any CPU.ActiveCfg = Release|Any CPU
		{529175A2-138C-4EF3-8011-B0838BC915C5}.Release|Any CPU.Build.0 = Release|Any CPU
		{529175A2-138C-4EF3-8011-B0838BC915C5}.Release|x64.ActiveCfg = Release|Any CPU
		{529175A2-138C-4EF3-8011-B0838BC915C5}.Release|x64.Build.0 = Release|Any CPU
		{529175A2-138C-4EF3-8011-B0838BC915C5}.Release|x86.ActiveCfg = Release|Any CPU
		{529175A2-138C-4EF3-8011-B0838BC915C5}.Release|x86.Build.0 = Release|Any CPU
		{6926437A-CFF5-4F29-991C-F781295ED876}.Debug|Any CPU.ActiveCfg = Debug|Any CPU
		{6926437A-CFF5-4F29-991C-F781295ED876}.Debug|Any CPU.Build.0 = Debug|Any CPU
		{6926437A-CFF5-4F29-991C-F781295ED876}.Debug|x64.ActiveCfg = Debug|Any CPU
		{6926437A-CFF5-4F29-991C-F781295ED876}.Debug|x64.Build.0 = Debug|Any CPU
		{6926437A-CFF5-4F29-991C-F781295ED876}.Debug|x86.ActiveCfg = Debug|Any CPU
		{6926437A-CFF5-4F29-991C-F781295ED876}.Debug|x86.Build.0 = Debug|Any CPU
		{6926437A-CFF5-4F29-991C-F781295ED876}.Release|Any CPU.ActiveCfg = Release|Any CPU
		{6926437A-CFF5-4F29-991C-F781295ED876}.Release|Any CPU.Build.0 = Release|Any CPU
		{6926437A-CFF5-4F29-991C-F781295ED876}.Release|x64.ActiveCfg = Release|Any CPU
		{6926437A-CFF5-4F29-991C-F781295ED876}.Release|x64.Build.0 = Release|Any CPU
		{6926437A-CFF5-4F29-991C-F781295ED876}.Release|x86.ActiveCfg = Release|Any CPU
		{6926437A-CFF5-4F29-991C-F781295ED876}.Release|x86.Build.0 = Release|Any CPU
		{90C263D2-CEDE-4FE0-B2B3-EBB2A23BE8A5}.Debug|Any CPU.ActiveCfg = Debug|Any CPU
		{90C263D2-CEDE-4FE0-B2B3-EBB2A23BE8A5}.Debug|Any CPU.Build.0 = Debug|Any CPU
		{90C263D2-CEDE-4FE0-B2B3-EBB2A23BE8A5}.Debug|x64.ActiveCfg = Debug|Any CPU
		{90C263D2-CEDE-4FE0-B2B3-EBB2A23BE8A5}.Debug|x64.Build.0 = Debug|Any CPU
		{90C263D2-CEDE-4FE0-B2B3-EBB2A23BE8A5}.Debug|x86.ActiveCfg = Debug|Any CPU
		{90C263D2-CEDE-4FE0-B2B3-EBB2A23BE8A5}.Debug|x86.Build.0 = Debug|Any CPU
		{90C263D2-CEDE-4FE0-B2B3-EBB2A23BE8A5}.Release|Any CPU.ActiveCfg = Release|Any CPU
		{90C263D2-CEDE-4FE0-B2B3-EBB2A23BE8A5}.Release|Any CPU.Build.0 = Release|Any CPU
		{90C263D2-CEDE-4FE0-B2B3-EBB2A23BE8A5}.Release|x64.ActiveCfg = Release|Any CPU
		{90C263D2-CEDE-4FE0-B2B3-EBB2A23BE8A5}.Release|x64.Build.0 = Release|Any CPU
		{90C263D2-CEDE-4FE0-B2B3-EBB2A23BE8A5}.Release|x86.ActiveCfg = Release|Any CPU
		{90C263D2-CEDE-4FE0-B2B3-EBB2A23BE8A5}.Release|x86.Build.0 = Release|Any CPU
		{0911591F-26A2-4817-B651-6671DE553E53}.Debug|Any CPU.ActiveCfg = Debug|Any CPU
		{0911591F-26A2-4817-B651-6671DE553E53}.Debug|Any CPU.Build.0 = Debug|Any CPU
		{0911591F-26A2-4817-B651-6671DE553E53}.Debug|x64.ActiveCfg = Debug|Any CPU
		{0911591F-26A2-4817-B651-6671DE553E53}.Debug|x64.Build.0 = Debug|Any CPU
		{0911591F-26A2-4817-B651-6671DE553E53}.Debug|x86.ActiveCfg = Debug|Any CPU
		{0911591F-26A2-4817-B651-6671DE553E53}.Debug|x86.Build.0 = Debug|Any CPU
		{0911591F-26A2-4817-B651-6671DE553E53}.Release|Any CPU.ActiveCfg = Release|Any CPU
		{0911591F-26A2-4817-B651-6671DE553E53}.Release|Any CPU.Build.0 = Release|Any CPU
		{0911591F-26A2-4817-B651-6671DE553E53}.Release|x64.ActiveCfg = Release|Any CPU
		{0911591F-26A2-4817-B651-6671DE553E53}.Release|x64.Build.0 = Release|Any CPU
		{0911591F-26A2-4817-B651-6671DE553E53}.Release|x86.ActiveCfg = Release|Any CPU
		{0911591F-26A2-4817-B651-6671DE553E53}.Release|x86.Build.0 = Release|Any CPU
		{CB45002A-EC26-43A6-8E72-A97258FBBF50}.Debug|Any CPU.ActiveCfg = Debug|Any CPU
		{CB45002A-EC26-43A6-8E72-A97258FBBF50}.Debug|Any CPU.Build.0 = Debug|Any CPU
		{CB45002A-EC26-43A6-8E72-A97258FBBF50}.Debug|x64.ActiveCfg = Debug|Any CPU
		{CB45002A-EC26-43A6-8E72-A97258FBBF50}.Debug|x64.Build.0 = Debug|Any CPU
		{CB45002A-EC26-43A6-8E72-A97258FBBF50}.Debug|x86.ActiveCfg = Debug|Any CPU
		{CB45002A-EC26-43A6-8E72-A97258FBBF50}.Debug|x86.Build.0 = Debug|Any CPU
		{CB45002A-EC26-43A6-8E72-A97258FBBF50}.Release|Any CPU.ActiveCfg = Release|Any CPU
		{CB45002A-EC26-43A6-8E72-A97258FBBF50}.Release|Any CPU.Build.0 = Release|Any CPU
		{CB45002A-EC26-43A6-8E72-A97258FBBF50}.Release|x64.ActiveCfg = Release|Any CPU
		{CB45002A-EC26-43A6-8E72-A97258FBBF50}.Release|x64.Build.0 = Release|Any CPU
		{CB45002A-EC26-43A6-8E72-A97258FBBF50}.Release|x86.ActiveCfg = Release|Any CPU
		{CB45002A-EC26-43A6-8E72-A97258FBBF50}.Release|x86.Build.0 = Release|Any CPU
	EndGlobalSection
	GlobalSection(SolutionProperties) = preSolution
		HideSolutionNode = FALSE
	EndGlobalSection
	GlobalSection(NestedProjects) = preSolution
		{1B53C053-6DA8-4ED2-8741-AFEF375078A5} = {A9105C12-58FD-4A85-A032-62B1248C4520}
		{E84BF69B-8D5E-4DEB-9F26-041E1419CCB0} = {94AFFC31-E24B-4077-A983-C18E26B9D767}
		{8088F30B-08DC-45D0-95C4-79DFEE96F5F1} = {A9105C12-58FD-4A85-A032-62B1248C4520}
		{529175A2-138C-4EF3-8011-B0838BC915C5} = {94AFFC31-E24B-4077-A983-C18E26B9D767}
		{6926437A-CFF5-4F29-991C-F781295ED876} = {A9105C12-58FD-4A85-A032-62B1248C4520}
		{90C263D2-CEDE-4FE0-B2B3-EBB2A23BE8A5} = {A9105C12-58FD-4A85-A032-62B1248C4520}
		{0911591F-26A2-4817-B651-6671DE553E53} = {94AFFC31-E24B-4077-A983-C18E26B9D767}
		{CB45002A-EC26-43A6-8E72-A97258FBBF50} = {94AFFC31-E24B-4077-A983-C18E26B9D767}
	EndGlobalSection
EndGlobal
